<?xml version="1.0" encoding="utf-8"?>
<Project ToolsVersion="4.0" xmlns="http://schemas.microsoft.com/developer/msbuild/2003">
  <ItemGroup>
    <Filter Include="Source Files">
      <UniqueIdentifier>{4FC737F1-C7A5-4376-A066-2A32D752A2FF}</UniqueIdentifier>
      <Extensions>cpp;c;cc;cxx;c++;cppm;ixx;def;odl;idl;hpj;bat;asm;asmx</Extensions>
    </Filter>
    <Filter Include="Header Files">
      <UniqueIdentifier>{93995380-89BD-4b04-88EB-625FBE52EBFB}</UniqueIdentifier>
      <Extensions>h;hh;hpp;hxx;h++;hm;inl;inc;ipp;xsd</Extensions>
    </Filter>
    <Filter Include="Resource Files">
      <UniqueIdentifier>{67DA6AB6-F800-4c08-8B7A-83BB121AAD01}</UniqueIdentifier>
      <Extensions>rc;ico;cur;bmp;dlg;rc2;rct;bin;rgs;gif;jpg;jpeg;jpe;resx;tiff;tif;png;wav;mfcribbon-ms</Extensions>
    </Filter>
    <Filter Include="shaders">
      <UniqueIdentifier>{d6ca4009-877c-4d89-9774-b4c1370f02f1}</UniqueIdentifier>
    </Filter>
    <Filter Include="media">
      <UniqueIdentifier>{81e137b1-4ea3-4abe-829a-6f64bc994cb6}</UniqueIdentifier>
    </Filter>
    <Filter Include="helper">
      <UniqueIdentifier>{6efe3a76-edc0-4f6f-b45a-1869ab863c2c}</UniqueIdentifier>
    </Filter>
    <Filter Include="helper\stb">
      <UniqueIdentifier>{2eeab77b-5d84-4893-b9df-1b2ed789b189}</UniqueIdentifier>
    </Filter>
  </ItemGroup>
  <ItemGroup>
    <ClCompile Include="main.cpp">
      <Filter>Source Files</Filter>
    </ClCompile>
    <ClCompile Include="helper\glutils.cpp">
      <Filter>helper</Filter>
    </ClCompile>
    <ClCompile Include="helper\glslprogram.cpp">
      <Filter>helper</Filter>
    </ClCompile>
    <ClCompile Include="scenebasic_uniform.cpp">
      <Filter>Source Files</Filter>
    </ClCompile>
    <ClCompile Include="glad.c">
      <Filter>Source Files</Filter>
    </ClCompile>
    <ClCompile Include="helper\plane.cpp">
      <Filter>helper</Filter>
    </ClCompile>
    <ClCompile Include="helper\trianglemesh.cpp">
      <Filter>helper</Filter>
    </ClCompile>
    <ClCompile Include="helper\objmesh.cpp">
      <Filter>helper</Filter>
    </ClCompile>
    <ClCompile Include="helper\texture.cpp">
      <Filter>helper</Filter>
    </ClCompile>
    <ClCompile Include="helper\stb\stb_image.cpp">
      <Filter>helper\stb</Filter>
    </ClCompile>
    <ClCompile Include="src\cameras\showcase_cam\showcase_cam.cpp">
      <Filter>Source Files</Filter>
    </ClCompile>
    <ClCompile Include="helper\skybox.cpp">
      <Filter>helper</Filter>
    </ClCompile>
    <ClCompile Include="src\global_settings\lights\spotlight\spotlight.cpp">
      <Filter>Source Files</Filter>
    </ClCompile>
    <ClCompile Include="src\objects\cars\showcase_car\showcase_car.cpp">
      <Filter>Source Files</Filter>
    </ClCompile>
    <ClCompile Include="src\rendering\post_processing\post_process_manager.cpp">
      <Filter>Source Files</Filter>
    </ClCompile>
    <ClCompile Include="src\scene_management\scene_switcher.cpp">
      <Filter>Source Files</Filter>
    </ClCompile>
    <ClCompile Include="src\global_settings\global_settings_ubo\global_settings_ubo.cpp">
      <Filter>Source Files</Filter>
    </ClCompile>
    <ClCompile Include="src\shader_management\shader_include\shader_include.cpp">
      <Filter>Source Files</Filter>
    </ClCompile>
    <ClCompile Include="src\ui\imgui_wrapper\imgui_core.cpp">
      <Filter>Source Files</Filter>
    </ClCompile>
    <ClCompile Include="src\ui\imgui_wrapper\imgui_utils.cpp">
      <Filter>Source Files</Filter>
    </ClCompile>
    <ClCompile Include="src\ui\imgui_wrapper\imgui_custom_widgets.cpp">
      <Filter>Source Files</Filter>
    </ClCompile>
    <ClCompile Include="src\ui\imgui_wrapper\imgui_windows.cpp">
      <Filter>Source Files</Filter>
    </ClCompile>
    <ClCompile Include="src\ui\menu\pause_menu.cpp">
      <Filter>Source Files</Filter>
    </ClCompile>
    <ClCompile Include="src\window\window.cpp">
      <Filter>Source Files</Filter>
    </ClCompile>
    <ClCompile Include="src\ui\imgui_wrapper\imgui\imgui.cpp">
      <Filter>Source Files</Filter>
    </ClCompile>
    <ClCompile Include="src\ui\imgui_wrapper\imgui\imgui_demo.cpp">
      <Filter>Source Files</Filter>
    </ClCompile>
    <ClCompile Include="src\ui\imgui_wrapper\imgui\imgui_draw.cpp">
      <Filter>Source Files</Filter>
    </ClCompile>
    <ClCompile Include="src\ui\imgui_wrapper\imgui\imgui_impl_glfw.cpp">
      <Filter>Source Files</Filter>
    </ClCompile>
    <ClCompile Include="src\ui\imgui_wrapper\imgui\imgui_impl_opengl3.cpp">
      <Filter>Source Files</Filter>
    </ClCompile>
    <ClCompile Include="src\ui\imgui_wrapper\imgui\imgui_tables.cpp">
      <Filter>Source Files</Filter>
    </ClCompile>
    <ClCompile Include="src\ui\imgui_wrapper\imgui\imgui_widgets.cpp">
      <Filter>Source Files</Filter>
    </ClCompile>
    <ClCompile Include="src\objects\floor\floor.cpp">
      <Filter>Source Files</Filter>
    </ClCompile>
    <ClCompile Include="src\mesh\tileable_plane.cpp">
      <Filter>Source Files</Filter>
    </ClCompile>
    <ClCompile Include="src\objects\skybox\scene_skybox.cpp">
      <Filter>Source Files</Filter>
    </ClCompile>
    <ClCompile Include="src\global_settings\lights\particle_spawner\particle_spawner.cpp">
      <Filter>Source Files</Filter>
    </ClCompile>
    <ClCompile Include="src\objects\scene_object.cpp">
      <Filter>Source Files</Filter>
    </ClCompile>
    <ClCompile Include="src\objects\decos\spotlight_point.cpp">
      <Filter>Source Files</Filter>
    </ClCompile>
    <ClCompile Include="src\objects\decos\particle_point.cpp">
      <Filter>Source Files</Filter>
    </ClCompile>
    <ClCompile Include="src\objects\light_object.cpp">
      <Filter>Source Files</Filter>
    </ClCompile>
    <ClCompile Include="src\debug_stuff\gs_to_rgba_converter.cpp">
      <Filter>Source Files</Filter>
    </ClCompile>
    <ClCompile Include="helper\noisetex.cpp">
      <Filter>Source Files</Filter>
    </ClCompile>
    <ClCompile Include="src\objects\sky\skyplane.cpp">
      <Filter>Source Files</Filter>
    </ClCompile>
    <ClCompile Include="src\ui\menu\start_menu.cpp">
      <Filter>Source Files</Filter>
    </ClCompile>
    <ClCompile Include="start_scene.cpp">
      <Filter>Source Files</Filter>
    </ClCompile>
    <ClCompile Include="src\save_management\save_data_manager.cpp">
      <Filter>Source Files</Filter>
    </ClCompile>
    <ClCompile Include="game_scene.cpp">
      <Filter>Source Files</Filter>
    </ClCompile>
    <ClCompile Include="src\objects\barrel\barrel.cpp">
      <Filter>Source Files</Filter>
    </ClCompile>
    <ClCompile Include="src\objects\cars\car_colours.cpp">
      <Filter>Source Files</Filter>
    </ClCompile>
    <ClCompile Include="src\objects\cars\game_car\game_car.cpp">
      <Filter>Source Files</Filter>
    </ClCompile>
    <ClCompile Include="src\collision\collision_object\collision_object.cpp">
      <Filter>Source Files</Filter>
    </ClCompile>
    <ClCompile Include="src\collision\collision_manager\collision_manager.cpp">
      <Filter>Source Files</Filter>
    </ClCompile>
    <ClCompile Include="src\collision\rendering\collision_debug_renderer.cpp">
      <Filter>Source Files</Filter>
    </ClCompile>
    <ClCompile Include="src\collision\helper\oriented_bounding_boxes.cpp">
      <Filter>Source Files</Filter>
    </ClCompile>
    <ClCompile Include="src\cameras\game_cam\game_cam.cpp">
      <Filter>Source Files</Filter>
    </ClCompile>
  </ItemGroup>
  <ItemGroup>
    <None Include="shader\basic_uniform.frag">
      <Filter>shaders</Filter>
    </None>
    <None Include="shader\basic_uniform.vert">
      <Filter>shaders</Filter>
    </None>
    <None Include="shader\post_processing\post_process.frag" />
    <None Include="shader\post_processing\post_process.vert" />
    <None Include="shader\includes\blinnPhong_lighting.frag" />
    <None Include="shader\complex\complex.frag" />
    <None Include="shader\complex\complex.vert" />
    <None Include="shader\skybox\skybox.frag" />
    <None Include="shader\tileable\tileable.vert" />
    <None Include="shader\includes\global_data.frag" />
    <None Include="shader\depth\depth.vert" />
    <None Include="shader\depth\depth.frag" />
    <None Include="shader\converter\converter.frag" />
    <None Include="shader\converter\converter.vert" />
    <None Include="shader\includes\shadows.frag" />
    <None Include="shader\sky\sky.frag" />
    <None Include="shader\sky\sky.vert" />
    <None Include="shader\collision\collision_box.vert" />
    <None Include="shader\collision\collision_box.frag" />
  </ItemGroup>
  <ItemGroup>
    <ClInclude Include="helper\scene.h">
      <Filter>helper</Filter>
    </ClInclude>
    <ClInclude Include="helper\scenerunner.h">
      <Filter>helper</Filter>
    </ClInclude>
    <ClInclude Include="helper\stb\stb_image.h">
      <Filter>helper\stb</Filter>
    </ClInclude>
    <ClInclude Include="helper\stb\stb_image_write.h">
      <Filter>helper\stb</Filter>
    </ClInclude>
    <ClInclude Include="helper\glutils.h">
      <Filter>helper</Filter>
    </ClInclude>
    <ClInclude Include="helper\glslprogram.h">
      <Filter>helper</Filter>
    </ClInclude>
    <ClInclude Include="scenebasic_uniform.h">
      <Filter>Header Files</Filter>
    </ClInclude>
    <ClInclude Include="helper\plane.h">
      <Filter>helper</Filter>
    </ClInclude>
    <ClInclude Include="helper\trianglemesh.h">
      <Filter>helper</Filter>
    </ClInclude>
    <ClInclude Include="helper\drawable.h">
      <Filter>helper</Filter>
    </ClInclude>
    <ClInclude Include="helper\objmesh.h">
      <Filter>helper</Filter>
    </ClInclude>
    <ClInclude Include="helper\aabb.h">
      <Filter>helper</Filter>
    </ClInclude>
    <ClInclude Include="helper\utils.h">
      <Filter>helper</Filter>
    </ClInclude>
    <ClInclude Include="helper\texture.h">
      <Filter>helper</Filter>
    </ClInclude>
    <ClInclude Include="src\cameras\showcase_cam\showcase_cam.h">
      <Filter>Source Files</Filter>
    </ClInclude>
    <ClInclude Include="helper\skybox.h">
      <Filter>helper</Filter>
    </ClInclude>
    <ClInclude Include="src\global_settings\lights\spotlight\spotlight.h">
      <Filter>Header Files</Filter>
    </ClInclude>
    <ClInclude Include="src\objects\cars\showcase_car\showcase_car.h">
      <Filter>Header Files</Filter>
    </ClInclude>
    <ClInclude Include="src\rendering\post_processing\post_process_manager.h">
      <Filter>Header Files</Filter>
    </ClInclude>
    <ClInclude Include="src\scene_management\scene_switcher.h">
      <Filter>Header Files</Filter>
    </ClInclude>
    <ClInclude Include="src\global_settings\global_settings_ubo\global_settings_ubo.h">
      <Filter>Header Files</Filter>
    </ClInclude>
    <ClInclude Include="src\shader_management\shader_include\shader_include.h">
      <Filter>Header Files</Filter>
    </ClInclude>
    <ClInclude Include="src\objects\skybox\scene_skybox.h">
      <Filter>Header Files</Filter>
    </ClInclude>
    <ClInclude Include="src\ui\imgui_wrapper\imgui_windows.h">
      <Filter>Header Files</Filter>
    </ClInclude>
    <ClInclude Include="src\ui\imgui_wrapper\imgui_core.h">
      <Filter>Header Files</Filter>
    </ClInclude>
    <ClInclude Include="src\ui\imgui_wrapper\imgui_utils.h">
      <Filter>Header Files</Filter>
    </ClInclude>
    <ClInclude Include="src\ui\imgui_wrapper\imgui_custom_widgets.h">
      <Filter>Header Files</Filter>
    </ClInclude>
    <ClInclude Include="src\ui\ui_element.h">
      <Filter>Header Files</Filter>
    </ClInclude>
    <ClInclude Include="src\ui\menu\pause_menu.h">
      <Filter>Header Files</Filter>
    </ClInclude>
    <ClInclude Include="src\window\window.h">
      <Filter>Header Files</Filter>
    </ClInclude>
    <ClInclude Include="src\ui\imgui_wrapper\imgui\imconfig.h">
      <Filter>Header Files</Filter>
    </ClInclude>
    <ClInclude Include="src\ui\imgui_wrapper\imgui\imgui.h">
      <Filter>Header Files</Filter>
    </ClInclude>
    <ClInclude Include="src\ui\imgui_wrapper\imgui\imgui_impl_glfw.h">
      <Filter>Header Files</Filter>
    </ClInclude>
    <ClInclude Include="src\ui\imgui_wrapper\imgui\imgui_impl_opengl3.h">
      <Filter>Header Files</Filter>
    </ClInclude>
    <ClInclude Include="src\ui\imgui_wrapper\imgui\imgui_impl_opengl3_loader.h">
      <Filter>Header Files</Filter>
    </ClInclude>
    <ClInclude Include="src\ui\imgui_wrapper\imgui\imgui_internal.h">
      <Filter>Header Files</Filter>
    </ClInclude>
    <ClInclude Include="src\ui\imgui_wrapper\imgui\imstb_rectpack.h">
      <Filter>Header Files</Filter>
    </ClInclude>
    <ClInclude Include="src\ui\imgui_wrapper\imgui\imstb_textedit.h">
      <Filter>Header Files</Filter>
    </ClInclude>
    <ClInclude Include="src\ui\imgui_wrapper\imgui\imstb_truetype.h">
      <Filter>Header Files</Filter>
    </ClInclude>
    <ClInclude Include="src\objects\floor\floor.h">
      <Filter>Header Files</Filter>
    </ClInclude>
    <ClInclude Include="src\mesh\tileable_plane.h">
      <Filter>Header Files</Filter>
    </ClInclude>
    <ClInclude Include="src\global_settings\lights\particle_spawner\particle_spawner.h">
      <Filter>Header Files</Filter>
    </ClInclude>
    <ClInclude Include="helper\random.h">
      <Filter>Header Files</Filter>
    </ClInclude>
    <ClInclude Include="helper\particleutils.h">
      <Filter>Header Files</Filter>
    </ClInclude>
    <ClInclude Include="src\objects\scene_object.h">
      <Filter>Header Files</Filter>
    </ClInclude>
    <ClInclude Include="src\objects\uploader_object.h">
      <Filter>Header Files</Filter>
    </ClInclude>
    <ClInclude Include="src\objects\decos\spotlight_point.h">
      <Filter>Header Files</Filter>
    </ClInclude>
    <ClInclude Include="src\objects\decos\particle_point.h">
      <Filter>Header Files</Filter>
    </ClInclude>
    <ClInclude Include="src\objects\particle_object.h">
      <Filter>Header Files</Filter>
    </ClInclude>
    <ClInclude Include="src\objects\light_object.h">
      <Filter>Header Files</Filter>
    </ClInclude>
    <ClInclude Include="src\debug_stuff\gs_to_rgba_converter.h">
      <Filter>Header Files</Filter>
    </ClInclude>
    <ClInclude Include="helper\noisetex.h">
      <Filter>Header Files</Filter>
    </ClInclude>
    <ClInclude Include="src\objects\sky\skyplane.h">
      <Filter>Header Files</Filter>
    </ClInclude>
    <ClInclude Include="src\ui\menu\start_menu.h">
      <Filter>Header Files</Filter>
    </ClInclude>
    <ClInclude Include="start_scene.h">
      <Filter>Header Files</Filter>
    </ClInclude>
    <ClInclude Include="src\objects\cars\car_colours.h">
      <Filter>Header Files</Filter>
    </ClInclude>
    <ClInclude Include="src\save_management\save_data_manager.h">
      <Filter>Header Files</Filter>
    </ClInclude>
    <ClInclude Include="game_scene.h">
      <Filter>Header Files</Filter>
    </ClInclude>
    <ClInclude Include="src\objects\barrel\barrel.h">
      <Filter>Header Files</Filter>
    </ClInclude>
    <ClInclude Include="src\objects\cars\game_car\game_car.h">
      <Filter>Header Files</Filter>
    </ClInclude>
    <ClInclude Include="src\collision\collision_manager\collision_manager.h">
      <Filter>Header Files</Filter>
    </ClInclude>
    <ClInclude Include="src\collision\collision_object\collision_object.h">
      <Filter>Header Files</Filter>
    </ClInclude>
    <ClInclude Include="src\collision\rendering\collision_debug_renderer.h">
      <Filter>Header Files</Filter>
    </ClInclude>
    <ClInclude Include="src\collision\helper\oriented_bounding_boxes.h">
      <Filter>Header Files</Filter>
    </ClInclude>
    <ClInclude Include="src\cameras\game_cam\game_cam.h">
      <Filter>Header Files</Filter>
    </ClInclude>
  </ItemGroup>
</Project>